
Microsoft Visual Studio Solution File, Format Version 12.00
# Visual Studio Version 16
VisualStudioVersion = 16.0.31424.327
MinimumVisualStudioVersion = 10.0.40219.1
Project("{FAE04EC0-301F-11D3-BF4B-00C04F79EFBC}") = "Learning git2", "Learning git2\Learning git2.csproj", "{2018D215-7358-4AAF-933A-ECDACB216CCD}"
EndProject
Global
	GlobalSection(SolutionConfigurationPlatforms) = preSolution
		Debug|Any CPU = Debug|Any CPU
		Release|Any CPU = Release|Any CPU
	EndGlobalSection
	GlobalSection(ProjectConfigurationPlatforms) = postSolution
		{2018D215-7358-4AAF-933A-ECDACB216CCD}.Debug|Any CPU.ActiveCfg = Debug|Any CPU
		{2018D215-7358-4AAF-933A-ECDACB216CCD}.Debug|Any CPU.Build.0 = Debug|Any CPU
		{2018D215-7358-4AAF-933A-ECDACB216CCD}.Release|Any CPU.ActiveCfg = Release|Any CPU
		{2018D215-7358-4AAF-933A-ECDACB216CCD}.Release|Any CPU.Build.0 = Release|Any CPU
	EndGlobalSection
	GlobalSection(SolutionProperties) = preSolution
		HideSolutionNode = FALSE
	EndGlobalSection
	GlobalSection(ExtensibilityGlobals) = postSolution
		SolutionGuid = {860CB720-03A3-4C65-972C-5B3321462F8D}
	EndGlobalSection
EndGlobal
